# This file is automatically @generated by Poetry 2.2.1 and should not be changed by hand.

[[package]]
name = "asgiref"
version = "3.11.0"
description = "ASGI specs, helper code, and adapters"
optional = false
python-versions = ">=3.9"
groups = ["main"]
files = [
    {file = "asgiref-3.11.0-py3-none-any.whl", hash = "sha256:1db9021efadb0d9512ce8ffaf72fcef601c7b73a8807a1bb2ef143dc6b14846d"},
    {file = "asgiref-3.11.0.tar.gz", hash = "sha256:13acff32519542a1736223fb79a715acdebe24286d98e8b164a73085f40da2c4"},
]

[package.extras]
tests = ["mypy (>=1.14.0)", "pytest", "pytest-asyncio"]

[[package]]
name = "colorama"
version = "0.4.6"
description = "Cross-platform colored terminal text."
optional = false
python-versions = "!=3.0.*,!=3.1.*,!=3.2.*,!=3.3.*,!=3.4.*,!=3.5.*,!=3.6.*,>=2.7"
groups = ["main"]
markers = "sys_platform == \"win32\""
files = [
    {file = "colorama-0.4.6-py2.py3-none-any.whl", hash = "sha256:4f1d9991f5acc0ca119f9d443620b77f9d6b33703e51011c16baf57afb285fc6"},
    {file = "colorama-0.4.6.tar.gz", hash = "sha256:08695f5cb7ed6e0531a20572697297273c47b8cae5a63ffc6d6ed5c201be6e44"},
]

[[package]]
name = "django"
version = "6.0"
description = "A high-level Python web framework that encourages rapid development and clean, pragmatic design."
optional = false
python-versions = ">=3.12"
groups = ["main"]
files = [
    {file = "django-6.0-py3-none-any.whl", hash = "sha256:1cc2c7344303bbfb7ba5070487c17f7fc0b7174bbb0a38cebf03c675f5f19b6d"},
    {file = "django-6.0.tar.gz", hash = "sha256:7b0c1f50c0759bbe6331c6a39c89ae022a84672674aeda908784617ef47d8e26"},
]

[package.dependencies]
asgiref = ">=3.9.1"
sqlparse = ">=0.5.0"
tzdata = {version = "*", markers = "sys_platform == \"win32\""}

[package.extras]
argon2 = ["argon2-cffi (>=23.1.0)"]
bcrypt = ["bcrypt (>=4.1.1)"]

[[package]]
name = "django-debug-toolbar"
version = "6.1.0"
description = "A configurable set of panels that display various debug information about the current request/response."
optional = false
python-versions = ">=3.9"
groups = ["main"]
files = [
    {file = "django_debug_toolbar-6.1.0-py3-none-any.whl", hash = "sha256:e214dea4494087e7cebdcea84223819c5eb97f9de3110a3665ad673f0ba98413"},
    {file = "django_debug_toolbar-6.1.0.tar.gz", hash = "sha256:e962ec350c9be8bdba918138e975a9cdb193f60ec396af2bb71b769e8e165519"},
]

[package.dependencies]
django = ">=4.2.9"
sqlparse = ">=0.2"

[[package]]
name = "django-extensions"
version = "4.1"
description = "Extensions for Django"
optional = false
python-versions = ">=3.9"
groups = ["main"]
files = [
    {file = "django_extensions-4.1-py3-none-any.whl", hash = "sha256:0699a7af28f2523bf8db309a80278519362cd4b6e1fd0a8cd4bf063e1e023336"},
    {file = "django_extensions-4.1.tar.gz", hash = "sha256:7b70a4d28e9b840f44694e3f7feb54f55d495f8b3fa6c5c0e5e12bcb2aa3cdeb"},
]

[package.dependencies]
django = ">=4.2"

[[package]]
name = "django-rest-framework"
version = "0.1.0"
description = "alias."
optional = false
python-versions = "*"
groups = ["main"]
files = [
    {file = "django-rest-framework-0.1.0.tar.gz", hash = "sha256:47a8f496fa69e3b6bd79f68dd7a1527d907d6b77f009e9db7cf9bb21cc565e4a"},
]

[package.dependencies]
djangorestframework = "*"

[[package]]
name = "djangorestframework"
version = "3.16.1"
description = "Web APIs for Django, made easy."
optional = false
python-versions = ">=3.9"
groups = ["main"]
files = [
    {file = "djangorestframework-3.16.1-py3-none-any.whl", hash = "sha256:33a59f47fb9c85ede792cbf88bde71893bcda0667bc573f784649521f1102cec"},
    {file = "djangorestframework-3.16.1.tar.gz", hash = "sha256:166809528b1aced0a17dc66c24492af18049f2c9420dbd0be29422029cfc3ff7"},
]

[package.dependencies]
django = ">=4.2"

[[package]]
name = "factory-boy"
version = "3.3.3"
description = "A versatile test fixtures replacement based on thoughtbot's factory_bot for Ruby."
optional = false
python-versions = ">=3.8"
groups = ["main"]
files = [
    {file = "factory_boy-3.3.3-py2.py3-none-any.whl", hash = "sha256:1c39e3289f7e667c4285433f305f8d506efc2fe9c73aaea4151ebd5cdea394fc"},
    {file = "factory_boy-3.3.3.tar.gz", hash = "sha256:866862d226128dfac7f2b4160287e899daf54f2612778327dd03d0e2cb1e3d03"},
]

[package.dependencies]
Faker = ">=0.7.0"

[package.extras]
dev = ["Django", "Pillow", "SQLAlchemy", "coverage", "flake8", "isort", "mongoengine", "mongomock", "mypy", "tox", "wheel (>=0.32.0)", "zest.releaser[recommended]"]
doc = ["Sphinx", "sphinx-rtd-theme", "sphinxcontrib-spelling"]

[[package]]
name = "faker"
version = "38.2.0"
description = "Faker is a Python package that generates fake data for you."
optional = false
python-versions = ">=3.10"
groups = ["main"]
files = [
    {file = "faker-38.2.0-py3-none-any.whl", hash = "sha256:35fe4a0a79dee0dc4103a6083ee9224941e7d3594811a50e3969e547b0d2ee65"},
    {file = "faker-38.2.0.tar.gz", hash = "sha256:20672803db9c7cb97f9b56c18c54b915b6f1d8991f63d1d673642dc43f5ce7ab"},
]

[package.dependencies]
tzdata = "*"

[[package]]
name = "gitdb"
version = "4.0.12"
description = "Git Object Database"
optional = false
python-versions = ">=3.7"
groups = ["main"]
files = [
    {file = "gitdb-4.0.12-py3-none-any.whl", hash = "sha256:67073e15955400952c6565cc3e707c554a4eea2e428946f7a4c162fab9bd9bcf"},
    {file = "gitdb-4.0.12.tar.gz", hash = "sha256:5ef71f855d191a3326fcfbc0d5da835f26b13fbcba60c32c21091c349ffdb571"},
]

[package.dependencies]
smmap = ">=3.0.1,<6"

[[package]]
name = "gitpython"
version = "3.1.50"
description = "GitPython is a Python library used to interact with Git repositories"
optional = false
python-versions = ">=3.7"
groups = ["main"]
files = [
    {file = "gitpython-3.1.50-py3-none-any.whl", hash = "sha256:d352abe2908d07355014abdd21ddf798c2a961469239afec4962e9da884858f9"},
    {file = "gitpython-3.1.50.tar.gz", hash = "sha256:80da2d12504d52e1f998772dc5baf6e553f8d2fcfe1fcc226c9d9a2ee3372dcc"},
]

[package.dependencies]
gitdb = ">=4.0.1,<5"

[package.extras]
doc = ["sphinx (>=7.4.7,<8)", "sphinx-autodoc-typehints", "sphinx_rtd_theme"]
test = ["coverage[toml]", "ddt (>=1.1.1,!=1.4.3)", "mock ; python_version < \"3.8\"", "mypy (==1.18.2) ; python_version >= \"3.9\"", "pre-commit", "pytest (>=7.3.1)", "pytest-cov", "pytest-instafail", "pytest-mock", "pytest-sugar", "typing-extensions ; python_version < \"3.11\""]

[[package]]
name = "gunicorn"
version = "26.0.0"
description = "WSGI HTTP Server for UNIX"
optional = false
python-versions = ">=3.10"
groups = ["main"]
files = [
    {file = "gunicorn-26.0.0-py3-none-any.whl", hash = "sha256:40233d26a5f0d1872916188c276e21641155111c2853f0c2cd55260aec0d24fc"},
    {file = "gunicorn-26.0.0.tar.gz", hash = "sha256:ca9346f85e3a4aeeb64d491045c16b9a35647abd37ea15efe53080eb8b090baf"},
]

[package.dependencies]
packaging = "*"

[package.extras]
fast = ["gunicorn_h1c (>=0.6.5)"]
gevent = ["gevent (>=24.10.1)"]
http2 = ["h2 (>=4.1.0)"]
setproctitle = ["setproctitle"]
testing = ["coverage", "gevent (>=24.10.1)", "h2 (>=4.1.0)", "httpx[http2]", "pytest", "pytest-asyncio", "pytest-cov", "uvloop (>=0.19.0)"]
tornado = ["tornado (>=6.5.0)"]

[[package]]
name = "iniconfig"
version = "2.3.0"
description = "brain-dead simple config-ini parsing"
optional = false
python-versions = ">=3.10"
groups = ["main"]
files = [
    {file = "iniconfig-2.3.0-py3-none-any.whl", hash = "sha256:f631c04d2c48c52b84d0d0549c99ff3859c98df65b3101406327ecc7d53fbf12"},
    {file = "iniconfig-2.3.0.tar.gz", hash = "sha256:c76315c77db068650d49c5b56314774a7804df16fee4402c1f19d6d15d8c4730"},
]

[[package]]
name = "packaging"
version = "25.0"
description = "Core utilities for Python packages"
optional = false
python-versions = ">=3.8"
groups = ["main"]
files = [
    {file = "packaging-25.0-py3-none-any.whl", hash = "sha256:29572ef2b1f17581046b3a2227d5c611fb25ec70ca1ba8554b24b0e69331a484"},
    {file = "packaging-25.0.tar.gz", hash = "sha256:d443872c98d677bf60f6a1f2f8c1cb748e8fe762d2bf9d3148b5599295b0fc4f"},
]

[[package]]
name = "pluggy"
version = "1.6.0"
description = "plugin and hook calling mechanisms for python"
optional = false
python-versions = ">=3.9"
groups = ["main"]
files = [
    {file = "pluggy-1.6.0-py3-none-any.whl", hash = "sha256:e920276dd6813095e9377c0bc5566d94c932c33b27a3e3945d8389c374dd4746"},
    {file = "pluggy-1.6.0.tar.gz", hash = "sha256:7dcc130b76258d33b90f61b658791dede3486c3e6bfb003ee5c9bfb396dd22f3"},
]

[package.extras]
dev = ["pre-commit", "tox"]
testing = ["coverage", "pytest", "pytest-benchmark"]

[[package]]
name = "psycopg-binary"
version = "3.3.2"
description = "PostgreSQL database adapter for Python -- C optimisation distribution"
optional = false
python-versions = ">=3.10"
groups = ["main"]
files = [
    {file = "psycopg_binary-3.3.2-cp310-cp310-macosx_10_9_x86_64.whl", hash = "sha256:0768c5f32934bb52a5df098317eca9bdcf411de627c5dca2ee57662b64b54b41"},
    {file = "psycopg_binary-3.3.2-cp310-cp310-macosx_11_0_arm64.whl", hash = "sha256:09b3014013f05cd89828640d3a1db5f829cc24ad8fa81b6e42b2c04685a0c9d4"},
    {file = "psycopg_binary-3.3.2-cp310-cp310-manylinux2014_ppc64le.manylinux_2_17_ppc64le.whl", hash = "sha256:3789d452a9d17a841c7f4f97bbcba51a21f957ea35641a4c98507520e6b6a068"},
    {file = "psycopg_binary-3.3.2-cp310-cp310-manylinux2014_x86_64.manylinux_2_17_x86_64.whl", hash = "sha256:44e89938d36acc4495735af70a886d206a5bfdc80258f95b69b52f68b2968d9e"},
    {file = "psycopg_binary-3.3.2-cp310-cp310-manylinux_2_27_aarch64.manylinux_2_28_aarch64.whl", hash = "sha256:90ed9da805e52985b0202aed4f352842c907c6b4fc6c7c109c6e646c32e2f43b"},
    {file = "psycopg_binary-3.3.2-cp310-cp310-manylinux_2_38_riscv64.manylinux_2_39_riscv64.whl", hash = "sha256:c3a9ccdfee4ae59cf9bf1822777e763bc097ed208f4901e21537fca1070e1391"},
    {file = "psycopg_binary-3.3.2-cp310-cp310-musllinux_1_2_aarch64.whl", hash = "sha256:de9173f8cc0efd88ac2a89b3b6c287a9a0011cdc2f53b2a12c28d6fd55f9f81c"},
    {file = "psycopg_binary-3.3.2-cp310-cp310-musllinux_1_2_ppc64le.whl", hash = "sha256:0611f4822674f3269e507a307236efb62ae5a828fcfc923ac85fe22ca19fd7c8"},
    {file = "psycopg_binary-3.3.2-cp310-cp310-musllinux_1_2_riscv64.whl", hash = "sha256:522b79c7db547767ca923e441c19b97a2157f2f494272a119c854bba4804e186"},
    {file = "psycopg_binary-3.3.2-cp310-cp310-musllinux_1_2_x86_64.whl", hash = "sha256:1ea41c0229f3f5a3844ad0857a83a9f869aa7b840448fa0c200e6bcf85d33d19"},
    {file = "psycopg_binary-3.3.2-cp310-cp310-win_amd64.whl", hash = "sha256:8ea05b499278790a8fa0ff9854ab0de2542aca02d661ddff94e830df971ff640"},
    {file = "psycopg_binary-3.3.2-cp311-cp311-macosx_10_9_x86_64.whl", hash = "sha256:94503b79f7da0b65c80d0dbb2f81dd78b300319ec2435d5e6dcf9622160bc2fa"},
    {file = "psycopg_binary-3.3.2-cp311-cp311-macosx_11_0_arm64.whl", hash = "sha256:07a5f030e0902ec3e27d0506ceb01238c0aecbc73ecd7fa0ee55f86134600b5b"},
    {file = "psycopg_binary-3.3.2-cp311-cp311-manylinux2014_ppc64le.manylinux_2_17_ppc64le.whl", hash = "sha256:1e09d0d93d35c134704a2cb2b15f81ffc8174fd602f3e08f7b1a3d8896156cf0"},
    {file = "psycopg_binary-3.3.2-cp311-cp311-manylinux2014_x86_64.manylinux_2_17_x86_64.whl", hash = "sha256:649c1d33bedda431e0c1df646985fbbeb9274afa964e1aef4be053c0f23a2924"},
    {file = "psycopg_binary-3.3.2-cp311-cp311-manylinux_2_27_aarch64.manylinux_2_28_aarch64.whl", hash = "sha256:c5774272f754605059521ff037a86e680342e3847498b0aa86b0f3560c70963c"},
    {file = "psycopg_binary-3.3.2-cp311-cp311-manylinux_2_38_riscv64.manylinux_2_39_riscv64.whl", hash = "sha256:d391b70c9cc23f6e1142729772a011f364199d2c5ddc0d596f5f43316fbf982d"},
    {file = "psycopg_binary-3.3.2-cp311-cp311-musllinux_1_2_aarch64.whl", hash = "sha256:f3f601f32244a677c7b029ec39412db2772ad04a28bc2cbb4b1f0931ed0ffad7"},
    {file = "psycopg_binary-3.3.2-cp311-cp311-musllinux_1_2_ppc64le.whl", hash = "sha256:0ae60e910531cfcc364a8f615a7941cac89efeb3f0fffe0c4824a6d11461eef7"},
    {file = "psycopg_binary-3.3.2-cp311-cp311-musllinux_1_2_riscv64.whl", hash = "sha256:7c43a773dd1a481dbb2fe64576aa303d80f328cce0eae5e3e4894947c41d1da7"},
    {file = "psycopg_binary-3.3.2-cp311-cp311-musllinux_1_2_x86_64.whl", hash = "sha256:5a327327f1188b3fbecac41bf1973a60b86b2eb237db10dc945bd3dc97ec39e4"},
    {file = "psycopg_binary-3.3.2-cp311-cp311-win_amd64.whl", hash = "sha256:136c43f185244893a527540307167f5d3ef4e08786508afe45d6f146228f5aa9"},
    {file = "psycopg_binary-3.3.2-cp312-cp312-macosx_10_13_x86_64.whl", hash = "sha256:a9387ab615f929e71ef0f4a8a51e986fa06236ccfa9f3ec98a88f60fbf230634"},
    {file = "psycopg_binary-3.3.2-cp312-cp312-macosx_11_0_arm64.whl", hash = "sha256:3ff7489df5e06c12d1829544eaec64970fe27fe300f7cf04c8495fe682064688"},
    {file = "psycopg_binary-3.3.2-cp312-cp312-manylinux2014_ppc64le.manylinux_2_17_ppc64le.whl", hash = "sha256:9742580ecc8e1ac45164e98d32ca6df90da509c2d3ff26be245d94c430f92db4"},
    {file = "psycopg_binary-3.3.2-cp312-cp312-manylinux2014_x86_64.manylinux_2_17_x86_64.whl", hash = "sha256:d45acedcaa58619355f18e0f42af542fcad3fd84ace4b8355d3a5dea23318578"},
    {file = "psycopg_binary-3.3.2-cp312-cp312-manylinux_2_27_aarch64.manylinux_2_28_aarch64.whl", hash = "sha256:d88f32ff8c47cb7f4e7e7a9d1747dcee6f3baa19ed9afa9e5694fd2fb32b61ed"},
    {file = "psycopg_binary-3.3.2-cp312-cp312-manylinux_2_38_riscv64.manylinux_2_39_riscv64.whl", hash = "sha256:59d0163c4617a2c577cb34afbed93d7a45b8c8364e54b2bd2020ff25d5f5f860"},
    {file = "psycopg_binary-3.3.2-cp312-cp312-musllinux_1_2_aarch64.whl", hash = "sha256:e750afe74e6c17b2c7046d2c3e3173b5a3f6080084671c8aa327215323df155b"},
    {file = "psycopg_binary-3.3.2-cp312-cp312-musllinux_1_2_ppc64le.whl", hash = "sha256:f26f113013c4dcfbfe9ced57b5bad2035dda1a7349f64bf726021968f9bccad3"},
    {file = "psycopg_binary-3.3.2-cp312-cp312-musllinux_1_2_riscv64.whl", hash = "sha256:8309ee4569dced5e81df5aa2dcd48c7340c8dee603a66430f042dfbd2878edca"},
    {file = "psycopg_binary-3.3.2-cp312-cp312-musllinux_1_2_x86_64.whl", hash = "sha256:c6464150e25b68ae3cb04c4e57496ea11ebfaae4d98126aea2f4702dd43e3c12"},
    {file = "psycopg_binary-3.3.2-cp312-cp312-win_amd64.whl", hash = "sha256:716a586f99bbe4f710dc58b40069fcb33c7627e95cc6fc936f73c9235e07f9cf"},
    {file = "psycopg_binary-3.3.2-cp313-cp313-macosx_10_13_x86_64.whl", hash = "sha256:fc5a189e89cbfff174588665bb18d28d2d0428366cc9dae5864afcaa2e57380b"},
    {file = "psycopg_binary-3.3.2-cp313-cp313-macosx_11_0_arm64.whl", hash = "sha256:083c2e182be433f290dc2c516fd72b9b47054fcd305cce791e0a50d9e93e06f2"},
    {file = "psycopg_binary-3.3.2-cp313-cp313-manylinux2014_ppc64le.manylinux_2_17_ppc64le.whl", hash = "sha256:ac230e3643d1c436a2dfb59ca84357dfc6862c9f372fc5dbd96bafecae581f9f"},
    {file = "psycopg_binary-3.3.2-cp313-cp313-manylinux2014_x86_64.manylinux_2_17_x86_64.whl", hash = "sha256:d8c899a540f6c7585cee53cddc929dd4d2db90fd828e37f5d4017b63acbc1a5d"},
    {file = "psycopg_binary-3.3.2-cp313-cp313-manylinux_2_27_aarch64.manylinux_2_28_aarch64.whl", hash = "sha256:50ff10ab8c0abdb5a5451b9315538865b50ba64c907742a1385fdf5f5772b73e"},
    {file = "psycopg_binary-3.3.2-cp313-cp313-manylinux_2_38_riscv64.manylinux_2_39_riscv64.whl", hash = "sha256:23d2594af848c1fd3d874a9364bef50730124e72df7bb145a20cb45e728c50ed"},
    {file = "psycopg_binary-3.3.2-cp313-cp313-musllinux_1_2_aarch64.whl", hash = "sha256:ea4fe6b4ead3bbbe27244ea224fcd1f53cb119afc38b71a2f3ce570149a03e30"},
    {file = "psycopg_binary-3.3.2-cp313-cp313-musllinux_1_2_ppc64le.whl", hash = "sha256:742ce48cde825b8e52fb1a658253d6d1ff66d152081cbc76aa45e2986534858d"},
    {file = "psycopg_binary-3.3.2-cp313-cp313-musllinux_1_2_riscv64.whl", hash = "sha256:e22bf6b54df994aff37ab52695d635f1ef73155e781eee1f5fa75bc08b58c8da"},
    {file = "psycopg_binary-3.3.2-cp313-cp313-musllinux_1_2_x86_64.whl", hash = "sha256:8db9034cde3bcdafc66980f0130813f5c5d19e74b3f2a19fb3cfbc25ad113121"},
    {file = "psycopg_binary-3.3.2-cp313-cp313-win_amd64.whl", hash = "sha256:df65174c7cf6b05ea273ce955927d3270b3a6e27b0b12762b009ce6082b8d3fc"},
    {file = "psycopg_binary-3.3.2-cp314-cp314-macosx_10_15_x86_64.whl", hash = "sha256:9ca24062cd9b2270e4d77576042e9cc2b1d543f09da5aba1f1a3d016cea28390"},
    {file = "psycopg_binary-3.3.2-cp314-cp314-macosx_11_0_arm64.whl", hash = "sha256:c749770da0947bc972e512f35366dd4950c0e34afad89e60b9787a37e97cb443"},
    {file = "psycopg_binary-3.3.2-cp314-cp314-manylinux2014_ppc64le.manylinux_2_17_ppc64le.whl", hash = "sha256:03b7cd73fb8c45d272a34ae7249713e32492891492681e3cf11dff9531cf37e9"},
    {file = "psycopg_binary-3.3.2-cp314-cp314-manylinux2014_x86_64.manylinux_2_17_x86_64.whl", hash = "sha256:43b130e3b6edcb5ee856c7167ccb8561b473308c870ed83978ae478613764f1c"},
    {file = "psycopg_binary-3.3.2-cp314-cp314-manylinux_2_27_aarch64.manylinux_2_28_aarch64.whl", hash = "sha256:7c1feba5a8c617922321aef945865334e468337b8fc5c73074f5e63143013b5a"},
    {file = "psycopg_binary-3.3.2-cp314-cp314-manylinux_2_38_riscv64.manylinux_2_39_riscv64.whl", hash = "sha256:cabb2a554d9a0a6bf84037d86ca91782f087dfff2a61298d0b00c19c0bc43f6d"},
    {file = "psycopg_binary-3.3.2-cp314-cp314-musllinux_1_2_aarch64.whl", hash = "sha256:74bc306c4b4df35b09bc8cecf806b271e1c5d708f7900145e4e54a2e5dedfed0"},
    {file = "psycopg_binary-3.3.2-cp314-cp314-musllinux_1_2_ppc64le.whl", hash = "sha256:d79b0093f0fbf7a962d6a46ae292dc056c65d16a8ee9361f3cfbafd4c197ab14"},
    {file = "psycopg_binary-3.3.2-cp314-cp314-musllinux_1_2_riscv64.whl", hash = "sha256:1586e220be05547c77afc326741dd41cc7fba38a81f9931f616ae98865439678"},
    {file = "psycopg_binary-3.3.2-cp314-cp314-musllinux_1_2_x86_64.whl", hash = "sha256:458696a5fa5dad5b6fb5d5862c22454434ce4fe1cf66ca6c0de5f904cbc1ae3e"},
    {file = "psycopg_binary-3.3.2-cp314-cp314-win_amd64.whl", hash = "sha256:04bb2de4ba69d6f8395b446ede795e8884c040ec71d01dd07ac2b2d18d4153d1"},
]

[[package]]
name = "psycopg2-binary"
version = "2.9.12"
description = "psycopg2 - Python-PostgreSQL Database Adapter"
optional = false
python-versions = ">=3.9"
groups = ["main"]
files = [
    {file = "psycopg2_binary-2.9.12-cp310-cp310-macosx_10_9_x86_64.whl", hash = "sha256:9b818ceff717f98851a64bffd4c5eb5b3059ae280276dcecc52ac658dcf006a4"},
    {file = "psycopg2_binary-2.9.12-cp310-cp310-macosx_11_0_arm64.whl", hash = "sha256:d2fa0d7caca8635c56e373055094eeda3208d901d55dd0ff5abc1d4e47f82b56"},
    {file = "psycopg2_binary-2.9.12-cp310-cp310-manylinux2014_ppc64le.manylinux_2_17_ppc64le.whl", hash = "sha256:864c261b3690e1207d14bbfe0a61e27567981b80c47a778561e49f676f7ce433"},
    {file = "psycopg2_binary-2.9.12-cp310-cp310-manylinux2014_x86_64.manylinux_2_17_x86_64.whl", hash = "sha256:c5ee5213445dd45312459029b8c4c0a695461eb517b753d2582315bd07995f5e"},
    {file = "psycopg2_binary-2.9.12-cp310-cp310-manylinux_2_27_aarch64.manylinux_2_28_aarch64.whl", hash = "sha256:6f9cae1f848779b5b01f417e762c40d026ea93eb0648249a604728cda991dde3"},
    {file = "psycopg2_binary-2.9.12-cp310-cp310-manylinux_2_38_riscv64.manylinux_2_39_riscv64.whl", hash = "sha256:63a3ebbd543d3d1eda088ac99164e8c5bac15293ee91f20281fd17d050aee1c4"},
    {file = "psycopg2_binary-2.9.12-cp310-cp310-musllinux_1_2_aarch64.whl", hash = "sha256:d6fcbba8c9fed08a73b8ac61ea79e4821e45b1e92bb466230c5e746bbf3d5256"},
    {file = "psycopg2_binary-2.9.12-cp310-cp310-musllinux_1_2_ppc64le.whl", hash = "sha256:36512911ebb2b60a0c3e44d0bb5048c1980aced91235d133b7874f3d1d93487c"},
    {file = "psycopg2_binary-2.9.12-cp310-cp310-musllinux_1_2_riscv64.whl", hash = "sha256:8ffdb59fe88f99589e34354a130217aa1fd2d615612402d6edc8b3dbc7a44463"},
    {file = "psycopg2_binary-2.9.12-cp310-cp310-musllinux_1_2_x86_64.whl", hash = "sha256:a46fe069b65255df410f856d842bc235f90e22ffdf532dda625fd4213d3fd9b1"},
    {file = "psycopg2_binary-2.9.12-cp310-cp310-win_amd64.whl", hash = "sha256:ab29414b25dcb698bf26bf213e3348abdcd07bbd5de032a5bec15bd75b298b03"},
    {file = "psycopg2_binary-2.9.12-cp311-cp311-macosx_10_9_x86_64.whl", hash = "sha256:5c8ce6c61bd1b1f6b9c24ee32211599f6166af2c55abb19456090a21fd16554b"},
    {file = "psycopg2_binary-2.9.12-cp311-cp311-macosx_11_0_arm64.whl", hash = "sha256:b4a9eaa6e7f4ff91bec10aa3fb296878e75187bced5cc4bafe17dc40915e1326"},
    {file = "psycopg2_binary-2.9.12-cp311-cp311-manylinux2014_ppc64le.manylinux_2_17_ppc64le.whl", hash = "sha256:c6528cefc8e50fcc6f4a107e27a672058b36cc5736d665476aeb413ba88dbb06"},
    {file = "psycopg2_binary-2.9.12-cp311-cp311-manylinux2014_x86_64.manylinux_2_17_x86_64.whl", hash = "sha256:e4e184b1fb6072bf05388aa41c697e1b2d01b3473f107e7ec44f186a32cfd0b8"},
    {file = "psycopg2_binary-2.9.12-cp311-cp311-manylinux_2_27_aarch64.manylinux_2_28_aarch64.whl", hash = "sha256:4766ab678563054d3f1d064a4db19cc4b5f9e3a8d9018592a8285cf200c248f3"},
    {file = "psycopg2_binary-2.9.12-cp311-cp311-manylinux_2_38_riscv64.manylinux_2_39_riscv64.whl", hash = "sha256:5a0253224780c978746cb9be55a946bcdaf40fe3519c0f622924cdabdafe2c39"},
    {file = "psycopg2_binary-2.9.12-cp311-cp311-musllinux_1_2_aarch64.whl", hash = "sha256:0dc9228d47c46bda253d2ecd6bb93b56a9f2d7ad33b684a1fa3622bf74ffe30c"},
    {file = "psycopg2_binary-2.9.12-cp311-cp311-musllinux_1_2_ppc64le.whl", hash = "sha256:f921f3cd87035ef7df233383011d7a53ea1d346224752c1385f1edfd790ceb6a"},
    {file = "psycopg2_binary-2.9.12-cp311-cp311-musllinux_1_2_riscv64.whl", hash = "sha256:3d999bd982a723113c1a45b55a7a6a90d64d0ed2278020ed625c490ff7bef96c"},
    {file = "psycopg2_binary-2.9.12-cp311-cp311-musllinux_1_2_x86_64.whl", hash = "sha256:29d4d134bd0ab46ffb04e94aa3c5fa3ef582e9026609165e2f758ff76fc3a3be"},
    {file = "psycopg2_binary-2.9.12-cp311-cp311-win_amd64.whl", hash = "sha256:cb4a1dacdd48077150dc762a9e5ddbf32c256d66cb46f80839391aa458774936"},
    {file = "psycopg2_binary-2.9.12-cp312-cp312-macosx_10_13_x86_64.whl", hash = "sha256:5cdc05117180c5fa9c40eea8ea559ce64d73824c39d928b7da9fb5f6a9392433"},
    {file = "psycopg2_binary-2.9.12-cp312-cp312-macosx_11_0_arm64.whl", hash = "sha256:d3227a3bc228c10d21011a99245edca923e4e8bf461857e869a507d9a41fe9f6"},
    {file = "psycopg2_binary-2.9.12-cp312-cp312-manylinux2014_ppc64le.manylinux_2_17_ppc64le.whl", hash = "sha256:995ce929eede89db6254b50827e2b7fd61e50d11f0b116b29fffe4a2e53c4580"},
    {file = "psycopg2_binary-2.9.12-cp312-cp312-manylinux2014_x86_64.manylinux_2_17_x86_64.whl", hash = "sha256:9fe06d93e72f1c048e731a2e3e7854a5bfaa58fc736068df90b352cefe66f03f"},
    {file = "psycopg2_binary-2.9.12-cp312-cp312-manylinux_2_27_aarch64.manylinux_2_28_aarch64.whl", hash = "sha256:40e7b28b63aaf737cb3a1edc3a9bbc9a9f4ad3dcb7152e8c1130e4050eddcb7d"},
    {file = "psycopg2_binary-2.9.12-cp312-cp312-manylinux_2_38_riscv64.manylinux_2_39_riscv64.whl", hash = "sha256:89d19a9f7899e8eb0656a2b3a08e0da04c720a06db6e0033eab5928aabe60fa9"},
    {file = "psycopg2_binary-2.9.12-cp312-cp312-musllinux_1_2_aarch64.whl", hash = "sha256:612b965daee295ae2da8f8218ce1d274645dc76ef3f1abf6a0a94fd57eff876d"},
    {file = "psycopg2_binary-2.9.12-cp312-cp312-musllinux_1_2_ppc64le.whl", hash = "sha256:b9a339b79d37c1b45f3235265f07cdeb0cb5ad7acd2ac7720a5920989c17c24e"},
    {file = "psycopg2_binary-2.9.12-cp312-cp312-musllinux_1_2_riscv64.whl", hash = "sha256:3471336e1acfd9c7fe507b8bad5af9317b6a89294f9eb37bd9a030bb7bebcdc6"},
    {file = "psycopg2_binary-2.9.12-cp312-cp312-musllinux_1_2_x86_64.whl", hash = "sha256:7af18183109e23502c8b2ae7f6926c0882766f35b5175a4cd737ad825e4d7a1b"},
    {file = "psycopg2_binary-2.9.12-cp312-cp312-win_amd64.whl", hash = "sha256:398fcd4db988c7d7d3713e2b8e18939776fd3fb447052daae4f24fa39daede4c"},
    {file = "psycopg2_binary-2.9.12-cp313-cp313-macosx_10_13_x86_64.whl", hash = "sha256:7c729a73c7b1b84de3582f73cdd27d905121dc2c531f3d9a3c32a3011033b965"},
    {file = "psycopg2_binary-2.9.12-cp313-cp313-macosx_11_0_arm64.whl", hash = "sha256:4413d0caef93c5cf50b96863df4c2efe8c269bf2267df353225595e7e15e8df7"},
    {file = "psycopg2_binary-2.9.12-cp313-cp313-manylinux2014_ppc64le.manylinux_2_17_ppc64le.whl", hash = "sha256:4dfcf8e45ebb0c663be34a3442f65e17311f3367089cd4e5e3a3e8e62c978777"},
    {file = "psycopg2_binary-2.9.12-cp313-cp313-manylinux2014_x86_64.manylinux_2_17_x86_64.whl", hash = "sha256:c41321a14dd74aceb6a9a643b9253a334521babfa763fa873e33d89cfa122fb5"},
    {file = "psycopg2_binary-2.9.12-cp313-cp313-manylinux_2_27_aarch64.manylinux_2_28_aarch64.whl", hash = "sha256:83946ba43979ebfdc99a3cd0ee775c89f221df026984ba19d46133d8d75d3cd9"},
    {file = "psycopg2_binary-2.9.12-cp313-cp313-manylinux_2_38_riscv64.manylinux_2_39_riscv64.whl", hash = "sha256:411e85815652d13560fbe731878daa5d92378c4995a22302071890ec3397d019"},
    {file = "psycopg2_binary-2.9.12-cp313-cp313-musllinux_1_2_aarch64.whl", hash = "sha256:1c8ad4c08e00f7679559eaed7aff1edfffc60c086b976f93972f686384a95e2c"},
    {file = "psycopg2_binary-2.9.12-cp313-cp313-musllinux_1_2_ppc64le.whl", hash = "sha256:00814e40fa23c2b37ef0a1e3c749d89982c73a9cb5046137f0752a22d432e82f"},
    {file = "psycopg2_binary-2.9.12-cp313-cp313-musllinux_1_2_riscv64.whl", hash = "sha256:98062447aebc20ed20add1f547a364fd0ef8933640d5372ff1873f8deb9b61be"},
    {file = "psycopg2_binary-2.9.12-cp313-cp313-musllinux_1_2_x86_64.whl", hash = "sha256:66a7685d7e548f10fb4ce32fb01a7b7f4aa702134de92a292c7bd9e0d3dbd290"},
    {file = "psycopg2_binary-2.9.12-cp313-cp313-win_amd64.whl", hash = "sha256:b6937f5fe4e180aeee87de907a2fa982ded6f7f15d7218f78a083e4e1d68f2a0"},
    {file = "psycopg2_binary-2.9.12-cp314-cp314-macosx_10_15_x86_64.whl", hash = "sha256:6f3b3de8a74ef8db215f22edffb19e32dc6fa41340456de7ec99efdc8a7b3ec2"},
    {file = "psycopg2_binary-2.9.12-cp314-cp314-macosx_11_0_arm64.whl", hash = "sha256:1006fb62f0f0bc5ce256a832356c6262e91be43f5e4eb15b5eaf38079464caf2"},
    {file = "psycopg2_binary-2.9.12-cp314-cp314-manylinux2014_ppc64le.manylinux_2_17_ppc64le.whl", hash = "sha256:840066105706cd2eb29b9a1c2329620056582a4bf3e8169dec5c447042d0869f"},
    {file = "psycopg2_binary-2.9.12-cp314-cp314-manylinux2014_x86_64.manylinux_2_17_x86_64.whl", hash = "sha256:863f5d12241ebe1c76a72a04c2113b6dc905f90b9cef0e9be0efd994affd9354"},
    {file = "psycopg2_binary-2.9.12-cp314-cp314-manylinux_2_27_aarch64.manylinux_2_28_aarch64.whl", hash = "sha256:a99eaab34a9010f1a086b126de467466620a750634d114d20455f3a824aae033"},
    {file = "psycopg2_binary-2.9.12-cp314-cp314-manylinux_2_38_riscv64.manylinux_2_39_riscv64.whl", hash = "sha256:ffdd7dc5463ccd61845ac37b7012d0f35a1548df9febe14f8dd549be4a0bc81e"},
    {file = "psycopg2_binary-2.9.12-cp314-cp314-musllinux_1_2_aarch64.whl", hash = "sha256:54a0dfecab1b48731f934e06139dfe11e24219fb6d0ceb32177cf0375f14c7b5"},
    {file = "psycopg2_binary-2.9.12-cp314-cp314-musllinux_1_2_ppc64le.whl", hash = "sha256:96937c9c5d891f772430f418a7a8b4691a90c3e6b93cf72b5bd7cad8cbca32a5"},
    {file = "psycopg2_binary-2.9.12-cp314-cp314-musllinux_1_2_riscv64.whl", hash = "sha256:77b348775efd4cdab410ec6609d81ccecd1139c90265fa583a7255c8064bc03d"},
    {file = "psycopg2_binary-2.9.12-cp314-cp314-musllinux_1_2_x86_64.whl", hash = "sha256:527e6342b3e44c2f0544f6b8e927d60de7f163f5723b8f1dfa7d2a84298738cd"},
    {file = "psycopg2_binary-2.9.12-cp314-cp314-win_amd64.whl", hash = "sha256:f12ae41fcafadb39b2785e64a40f9db05d6de2ac114077457e0e7c597f3af980"},
    {file = "psycopg2_binary-2.9.12-cp39-cp39-macosx_10_9_x86_64.whl", hash = "sha256:ee2d84ef5eb6c04702d2e9c372ad557fb027f26a5d82804f749dfb14c7fdd2ab"},
    {file = "psycopg2_binary-2.9.12-cp39-cp39-macosx_11_0_arm64.whl", hash = "sha256:cfa2517c94ea3af6deb46f81e1bbd884faa63e28481eb2f889989dd8d95e5f03"},
    {file = "psycopg2_binary-2.9.12-cp39-cp39-manylinux2014_ppc64le.manylinux_2_17_ppc64le.whl", hash = "sha256:ba3df2fc42a1cfa45b72cf096d4acb2b885937eedc61461081d53538d4a82a86"},
    {file = "psycopg2_binary-2.9.12-cp39-cp39-manylinux2014_x86_64.manylinux_2_17_x86_64.whl", hash = "sha256:718e1fc18edf573b02cb8aea868de8d8d33f99ce9620206aa9144b67b0985e94"},
    {file = "psycopg2_binary-2.9.12-cp39-cp39-manylinux_2_27_aarch64.manylinux_2_28_aarch64.whl", hash = "sha256:5c7cb4cbf894a1d36c720d713de507952c7c58f66d30834708f03dbe5c822ccf"},
    {file = "psycopg2_binary-2.9.12-cp39-cp39-manylinux_2_38_riscv64.manylinux_2_39_riscv64.whl", hash = "sha256:049366c6d884bdcd65d66e6ca1fdbebe670b56c6c9ba46f164e6667e90881964"},
    {file = "psycopg2_binary-2.9.12-cp39-cp39-musllinux_1_2_aarch64.whl", hash = "sha256:fb1828cf3da68f99e45ebce1355d65d2d12b6a78fb5dfb16247aad6bdef5f5d2"},
    {file = "psycopg2_binary-2.9.12-cp39-cp39-musllinux_1_2_ppc64le.whl", hash = "sha256:127467c6e476dd876634f17c3d870530e73ff454ff99bff73d36e80af28e1115"},
    {file = "psycopg2_binary-2.9.12-cp39-cp39-musllinux_1_2_riscv64.whl", hash = "sha256:ace94261f43850e9e79f6c56636c5e0147978ab79eda5e5e5ebf13ae146fc8fe"},
    {file = "psycopg2_binary-2.9.12-cp39-cp39-musllinux_1_2_x86_64.whl", hash = "sha256:a7e39a65b7d2a20e4ba2e0aaad1960b61cc2888d6ab047769f8347bd3c9ad915"},
    {file = "psycopg2_binary-2.9.12-cp39-cp39-win_amd64.whl", hash = "sha256:f625abb7020e4af3432d95342daa1aa0db3fa369eed19807aa596367ba791b10"},
    {file = "psycopg2_binary-2.9.12.tar.gz", hash = "sha256:5ac9444edc768c02a6b6a591f070b8aae28ff3a99be57560ac996001580f294c"},
]

[[package]]
name = "pygments"
version = "2.19.2"
description = "Pygments is a syntax highlighting package written in Python."
optional = false
python-versions = ">=3.8"
groups = ["main"]
files = [
    {file = "pygments-2.19.2-py3-none-any.whl", hash = "sha256:86540386c03d588bb81d44bc3928634ff26449851e99741617ecb9037ee5ec0b"},
    {file = "pygments-2.19.2.tar.gz", hash = "sha256:636cb2477cec7f8952536970bc533bc43743542f70392ae026374600add5b887"},
]

[package.extras]
windows-terminal = ["colorama (>=0.4.6)"]

[[package]]
name = "pytest"
version = "9.0.2"
description = "pytest: simple powerful testing with Python"
optional = false
python-versions = ">=3.10"
groups = ["main"]
files = [
    {file = "pytest-9.0.2-py3-none-any.whl", hash = "sha256:711ffd45bf766d5264d487b917733b453d917afd2b0ad65223959f59089f875b"},
    {file = "pytest-9.0.2.tar.gz", hash = "sha256:75186651a92bd89611d1d9fc20f0b4345fd827c41ccd5c299a868a05d70edf11"},
]

[package.dependencies]
colorama = {version = ">=0.4", markers = "sys_platform == \"win32\""}
iniconfig = ">=1.0.1"
packaging = ">=22"
pluggy = ">=1.5,<2"
pygments = ">=2.7.2"

[package.extras]
dev = ["argcomplete", "attrs (>=19.2)", "hypothesis (>=3.56)", "mock", "requests", "setuptools", "xmlschema"]

[[package]]
name = "pytest-django"
version = "4.11.1"
description = "A Django plugin for pytest."
optional = false
python-versions = ">=3.8"
groups = ["main"]
files = [
    {file = "pytest_django-4.11.1-py3-none-any.whl", hash = "sha256:1b63773f648aa3d8541000c26929c1ea63934be1cfa674c76436966d73fe6a10"},
    {file = "pytest_django-4.11.1.tar.gz", hash = "sha256:a949141a1ee103cb0e7a20f1451d355f83f5e4a5d07bdd4dcfdd1fd0ff227991"},
]

[package.dependencies]
pytest = ">=7.0.0"

[package.extras]
docs = ["sphinx", "sphinx_rtd_theme"]
testing = ["Django", "django-configurations (>=2.0)"]

[[package]]
name = "smmap"
version = "5.0.3"
description = "A pure Python implementation of a sliding window memory map manager"
optional = false
python-versions = ">=3.7"
groups = ["main"]
files = [
    {file = "smmap-5.0.3-py3-none-any.whl", hash = "sha256:c106e05d5a61449cf6ba9a1e650227ecfb141590d2a98412103ff35d89fc7b2f"},
    {file = "smmap-5.0.3.tar.gz", hash = "sha256:4d9debb8b99007ae47165abc08670bd74cb74b5227dda7f643eccc4e9eb5642c"},
]

[[package]]
name = "sqlparse"
version = "0.5.4"
description = "A non-validating SQL parser."
optional = false
python-versions = ">=3.8"
groups = ["main"]
files = [
    {file = "sqlparse-0.5.4-py3-none-any.whl", hash = "sha256:99a9f0314977b76d776a0fcb8554de91b9bb8a18560631d6bc48721d07023dcb"},
    {file = "sqlparse-0.5.4.tar.gz", hash = "sha256:4396a7d3cf1cd679c1be976cf3dc6e0a51d0111e87787e7a8d780e7d5a998f9e"},
]

[package.extras]
dev = ["build"]
doc = ["sphinx"]

[[package]]
name = "tzdata"
version = "2025.2"
description = "Provider of IANA time zone data"
optional = false
python-versions = ">=2"
groups = ["main"]
files = [
    {file = "tzdata-2025.2-py2.py3-none-any.whl", hash = "sha256:1a403fada01ff9221ca8044d701868fa132215d84beb92242d9acd2147f667a8"},
    {file = "tzdata-2025.2.tar.gz", hash = "sha256:b60a638fcc0daffadf82fe0f57e53d06bdec2f36c4df66280ae79bce6bd6f2b9"},
]

[[package]]
name = "whitenoise"
version = "6.12.0"
description = "Radically simplified static file serving for WSGI applications"
optional = false
python-versions = ">=3.10"
groups = ["main"]
files = [
    {file = "whitenoise-6.12.0-py3-none-any.whl", hash = "sha256:fc5e8c572e33ebf24795b47b6a7da8da3c00cff2349f5b04c02f28d0cc5a3cc2"},
    {file = "whitenoise-6.12.0.tar.gz", hash = "sha256:f723ebb76a112e98816ff80fcea0a6c9b8ecde835f8ddda25df7a30a3c2db6ad"},
]

[package.extras]
brotli = ["brotli"]

[metadata]
lock-version = "2.1"
python-versions = ">=3.12"
content-hash = "4e6ad545d09e40017a4b6b30de0c43e71556c10b482c3d420b6d9148933b1171"
